# This file is automatically @generated by Cargo.
# It is not intended for manual editing.
version = 4

[[package]]
name = "bims"
version = "0.1.0"
dependencies = [
 "time",
]

[[package]]
name = "economy"
version = "0.1.0"
dependencies = [
 "physics",
]

[[package]]
name = "flight"
version = "0.1.0"
dependencies = [
 "physics",
 "shipdesign",
 "time",
 "worldgen",
]

[[package]]
name = "health"
version = "0.1.0"
dependencies = [
 "time",
]

[[package]]
name = "physics"
version = "0.1.0"
dependencies = [
 "time",
]

[[package]]
name = "ship"
version = "0.1.0"
dependencies = [
 "economy",
 "flight",
 "physics",
 "shipdesign",
 "time",
 "world",
 "worldgen",
]

[[package]]
name = "shipdesign"
version = "0.1.0"
dependencies = [
 "economy",
 "physics",
]

[[package]]
name = "time"
version = "0.1.0"

[[package]]
name = "world"
version = "0.1.0"
dependencies = [
 "economy",
 "flight",
 "physics",
 "shipdesign",
 "time",
 "worldgen",
]

[[package]]
name = "worldgen"
version = "0.1.0"
dependencies = [
 "physics",
 "time",
]
